
Microsoft Visual Studio Solution File, Format Version 12.00
# Visual Studio 15
VisualStudioVersion = 15.0.27703.2035
MinimumVisualStudioVersion = 10.0.40219.1
Project("{FAE04EC0-301F-11D3-BF4B-00C04F79EFBC}") = "TestGetrak", "TestGetrak\TestGetrak.csproj", "{AA8339AA-67D2-4B4B-BCBA-22B0DFDC4092}"
EndProject
Project("{FAE04EC0-301F-11D3-BF4B-00C04F79EFBC}") = "TestGetrak.Domain.Contract", "TestGetrak.Domain.Contract\TestGetrak.Domain.Contract.csproj", "{63DBFAE0-91CB-4F13-9CE7-5F248F116809}"
EndProject
Project("{FAE04EC0-301F-11D3-BF4B-00C04F79EFBC}") = "TestGetrak.Provider", "TestGetrak.Provider\TestGetrak.Provider.csproj", "{4D363198-E145-4C23-9FC4-52959805FA42}"
EndProject
Global
	GlobalSection(SolutionConfigurationPlatforms) = preSolution
		Debug|Any CPU = Debug|Any CPU
		Release|Any CPU = Release|Any CPU
	EndGlobalSection
	GlobalSection(ProjectConfigurationPlatforms) = postSolution
		{AA8339AA-67D2-4B4B-BCBA-22B0DFDC4092}.Debug|Any CPU.ActiveCfg = Debug|Any CPU
		{AA8339AA-67D2-4B4B-BCBA-22B0DFDC4092}.Debug|Any CPU.Build.0 = Debug|Any CPU
		{AA8339AA-67D2-4B4B-BCBA-22B0DFDC4092}.Release|Any CPU.ActiveCfg = Release|Any CPU
		{AA8339AA-67D2-4B4B-BCBA-22B0DFDC4092}.Release|Any CPU.Build.0 = Release|Any CPU
		{63DBFAE0-91CB-4F13-9CE7-5F248F116809}.Debug|Any CPU.ActiveCfg = Debug|Any CPU
		{63DBFAE0-91CB-4F13-9CE7-5F248F116809}.Debug|Any CPU.Build.0 = Debug|Any CPU
		{63DBFAE0-91CB-4F13-9CE7-5F248F116809}.Release|Any CPU.ActiveCfg = Release|Any CPU
		{63DBFAE0-91CB-4F13-9CE7-5F248F116809}.Release|Any CPU.Build.0 = Release|Any CPU
		{4D363198-E145-4C23-9FC4-52959805FA42}.Debug|Any CPU.ActiveCfg = Debug|Any CPU
		{4D363198-E145-4C23-9FC4-52959805FA42}.Debug|Any CPU.Build.0 = Debug|Any CPU
		{4D363198-E145-4C23-9FC4-52959805FA42}.Release|Any CPU.ActiveCfg = Release|Any CPU
		{4D363198-E145-4C23-9FC4-52959805FA42}.Release|Any CPU.Build.0 = Release|Any CPU
	EndGlobalSection
	GlobalSection(SolutionProperties) = preSolution
		HideSolutionNode = FALSE
	EndGlobalSection
	GlobalSection(ExtensibilityGlobals) = postSolution
		SolutionGuid = {C9AD6425-E21A-4CF6-AF40-B53C5F97182A}
	EndGlobalSection
EndGlobal
